
Microsoft Visual Studio Solution File, Format Version 12.00
# Visual Studio Version 17
VisualStudioVersion = 17.8.34316.72
MinimumVisualStudioVersion = 10.0.40219.1
Project("{2150E333-8FDC-42A3-9474-1A3956D46DE8}") = "Frontend", "Frontend", "{4EAD377D-B18C-4490-89A0-50AAEC275933}"
EndProject
Project("{2150E333-8FDC-42A3-9474-1A3956D46DE8}") = "Gateway", "Gateway", "{1A8B74FB-1D9D-4576-8F3D-EB9237E1EF71}"
EndProject
Project("{2150E333-8FDC-42A3-9474-1A3956D46DE8}") = "Integration", "Integration", "{440714D3-3CDC-4382-ABEA-25A4BB419396}"
EndProject
Project("{2150E333-8FDC-42A3-9474-1A3956D46DE8}") = "Services", "Services", "{C35E798C-EF20-44EF-A04F-CE11D75F8C64}"
EndProject
Project("{9A19103F-16F7-4668-BE54-9A1E7A4F7556}") = "Mango.Services.CouponAPI", "Mango.Services.CouponAPI\Mango.Services.CouponAPI.csproj", "{5FC7ED30-9E42-4326-87FB-4E984B92E33C}"
EndProject
Project("{9A19103F-16F7-4668-BE54-9A1E7A4F7556}") = "Mango.Web", "Mango.Web\Mango.Web.csproj", "{6D70292D-876F-4348-B8D3-C88E74FDE1A9}"
EndProject
Project("{9A19103F-16F7-4668-BE54-9A1E7A4F7556}") = "Mango.Services.AuthAPI", "Mango.Services.AuthAPI\Mango.Services.AuthAPI.csproj", "{31530F2D-B6CF-48B1-9522-BC2B47440E82}"
EndProject
Project("{9A19103F-16F7-4668-BE54-9A1E7A4F7556}") = "Mango.Services.ProductAPI", "Mango.Services.ProductAPI\Mango.Services.ProductAPI.csproj", "{0DE11B9A-C002-494C-9A40-2377418ABEF0}"
EndProject
Project("{9A19103F-16F7-4668-BE54-9A1E7A4F7556}") = "Mango.Services.ShoppingCartAPI", "Mango.Services.ShoppingCartAPI\Mango.Services.ShoppingCartAPI.csproj", "{0F420357-8FAF-4D3E-B832-8283C084EAFB}"
EndProject
Project("{9A19103F-16F7-4668-BE54-9A1E7A4F7556}") = "Mango.MessageBus", "Mango.MessageBus\Mango.MessageBus.csproj", "{731EF90A-1BCD-4DFD-85B7-77D6A40539E7}"
EndProject
Project("{9A19103F-16F7-4668-BE54-9A1E7A4F7556}") = "Mango.Services.EmailAPI", "Mango.Services.EmailAPI\Mango.Services.EmailAPI.csproj", "{72C49F9B-9CDC-4BC4-B4BA-8C5C9FD391A8}"
EndProject
Project("{9A19103F-16F7-4668-BE54-9A1E7A4F7556}") = "Mango.Services.OrderAPI", "Mango.Services.OrderAPI\Mango.Services.OrderAPI.csproj", "{932D249E-F5E5-447A-BDDF-5C3FAA399C63}"
EndProject
Project("{9A19103F-16F7-4668-BE54-9A1E7A4F7556}") = "Mango.Services.RewardAPI", "Mango.Services.RewardAPI\Mango.Services.RewardAPI.csproj", "{E589D7AF-0D93-4BA5-912A-B225D6AFFC98}"
EndProject
Project("{FAE04EC0-301F-11D3-BF4B-00C04F79EFBC}") = "Mango.GatewaySolution", "Mango.GatewaySolution\Mango.GatewaySolution.csproj", "{D564266E-63C9-486B-A542-BE6D36745A4E}"
EndProject
Global
	GlobalSection(SolutionConfigurationPlatforms) = preSolution
		Debug|Any CPU = Debug|Any CPU
		Release|Any CPU = Release|Any CPU
	EndGlobalSection
	GlobalSection(ProjectConfigurationPlatforms) = postSolution
		{5FC7ED30-9E42-4326-87FB-4E984B92E33C}.Debug|Any CPU.ActiveCfg = Debug|Any CPU
		{5FC7ED30-9E42-4326-87FB-4E984B92E33C}.Debug|Any CPU.Build.0 = Debug|Any CPU
		{5FC7ED30-9E42-4326-87FB-4E984B92E33C}.Release|Any CPU.ActiveCfg = Release|Any CPU
		{5FC7ED30-9E42-4326-87FB-4E984B92E33C}.Release|Any CPU.Build.0 = Release|Any CPU
		{6D70292D-876F-4348-B8D3-C88E74FDE1A9}.Debug|Any CPU.ActiveCfg = Debug|Any CPU
		{6D70292D-876F-4348-B8D3-C88E74FDE1A9}.Debug|Any CPU.Build.0 = Debug|Any CPU
		{6D70292D-876F-4348-B8D3-C88E74FDE1A9}.Release|Any CPU.ActiveCfg = Release|Any CPU
		{6D70292D-876F-4348-B8D3-C88E74FDE1A9}.Release|Any CPU.Build.0 = Release|Any CPU
		{31530F2D-B6CF-48B1-9522-BC2B47440E82}.Debug|Any CPU.ActiveCfg = Debug|Any CPU
		{31530F2D-B6CF-48B1-9522-BC2B47440E82}.Debug|Any CPU.Build.0 = Debug|Any CPU
		{31530F2D-B6CF-48B1-9522-BC2B47440E82}.Release|Any CPU.ActiveCfg = Release|Any CPU
		{31530F2D-B6CF-48B1-9522-BC2B47440E82}.Release|Any CPU.Build.0 = Release|Any CPU
		{0DE11B9A-C002-494C-9A40-2377418ABEF0}.Debug|Any CPU.ActiveCfg = Debug|Any CPU
		{0DE11B9A-C002-494C-9A40-2377418ABEF0}.Debug|Any CPU.Build.0 = Debug|Any CPU
		{0DE11B9A-C002-494C-9A40-2377418ABEF0}.Release|Any CPU.ActiveCfg = Release|Any CPU
		{0DE11B9A-C002-494C-9A40-2377418ABEF0}.Release|Any CPU.Build.0 = Release|Any CPU
		{0F420357-8FAF-4D3E-B832-8283C084EAFB}.Debug|Any CPU.ActiveCfg = Debug|Any CPU
		{0F420357-8FAF-4D3E-B832-8283C084EAFB}.Debug|Any CPU.Build.0 = Debug|Any CPU
		{0F420357-8FAF-4D3E-B832-8283C084EAFB}.Release|Any CPU.ActiveCfg = Release|Any CPU
		{0F420357-8FAF-4D3E-B832-8283C084EAFB}.Release|Any CPU.Build.0 = Release|Any CPU
		{731EF90A-1BCD-4DFD-85B7-77D6A40539E7}.Debug|Any CPU.ActiveCfg = Debug|Any CPU
		{731EF90A-1BCD-4DFD-85B7-77D6A40539E7}.Debug|Any CPU.Build.0 = Debug|Any CPU
		{731EF90A-1BCD-4DFD-85B7-77D6A40539E7}.Release|Any CPU.ActiveCfg = Release|Any CPU
		{731EF90A-1BCD-4DFD-85B7-77D6A40539E7}.Release|Any CPU.Build.0 = Release|Any CPU
		{72C49F9B-9CDC-4BC4-B4BA-8C5C9FD391A8}.Debug|Any CPU.ActiveCfg = Debug|Any CPU
		{72C49F9B-9CDC-4BC4-B4BA-8C5C9FD391A8}.Debug|Any CPU.Build.0 = Debug|Any CPU
		{72C49F9B-9CDC-4BC4-B4BA-8C5C9FD391A8}.Release|Any CPU.ActiveCfg = Release|Any CPU
		{72C49F9B-9CDC-4BC4-B4BA-8C5C9FD391A8}.Release|Any CPU.Build.0 = Release|Any CPU
		{932D249E-F5E5-447A-BDDF-5C3FAA399C63}.Debug|Any CPU.ActiveCfg = Debug|Any CPU
		{932D249E-F5E5-447A-BDDF-5C3FAA399C63}.Debug|Any CPU.Build.0 = Debug|Any CPU
		{932D249E-F5E5-447A-BDDF-5C3FAA399C63}.Release|Any CPU.ActiveCfg = Release|Any CPU
		{932D249E-F5E5-447A-BDDF-5C3FAA399C63}.Release|Any CPU.Build.0 = Release|Any CPU
		{E589D7AF-0D93-4BA5-912A-B225D6AFFC98}.Debug|Any CPU.ActiveCfg = Debug|Any CPU
		{E589D7AF-0D93-4BA5-912A-B225D6AFFC98}.Debug|Any CPU.Build.0 = Debug|Any CPU
		{E589D7AF-0D93-4BA5-912A-B225D6AFFC98}.Release|Any CPU.ActiveCfg = Release|Any CPU
		{E589D7AF-0D93-4BA5-912A-B225D6AFFC98}.Release|Any CPU.Build.0 = Release|Any CPU
		{D564266E-63C9-486B-A542-BE6D36745A4E}.Debug|Any CPU.ActiveCfg = Debug|Any CPU
		{D564266E-63C9-486B-A542-BE6D36745A4E}.Debug|Any CPU.Build.0 = Debug|Any CPU
		{D564266E-63C9-486B-A542-BE6D36745A4E}.Release|Any CPU.ActiveCfg = Release|Any CPU
		{D564266E-63C9-486B-A542-BE6D36745A4E}.Release|Any CPU.Build.0 = Release|Any CPU
	EndGlobalSection
	GlobalSection(SolutionProperties) = preSolution
		HideSolutionNode = FALSE
	EndGlobalSection
	GlobalSection(NestedProjects) = preSolution
		{5FC7ED30-9E42-4326-87FB-4E984B92E33C} = {C35E798C-EF20-44EF-A04F-CE11D75F8C64}
		{6D70292D-876F-4348-B8D3-C88E74FDE1A9} = {4EAD377D-B18C-4490-89A0-50AAEC275933}
		{31530F2D-B6CF-48B1-9522-BC2B47440E82} = {C35E798C-EF20-44EF-A04F-CE11D75F8C64}
		{0DE11B9A-C002-494C-9A40-2377418ABEF0} = {C35E798C-EF20-44EF-A04F-CE11D75F8C64}
		{0F420357-8FAF-4D3E-B832-8283C084EAFB} = {C35E798C-EF20-44EF-A04F-CE11D75F8C64}
		{731EF90A-1BCD-4DFD-85B7-77D6A40539E7} = {440714D3-3CDC-4382-ABEA-25A4BB419396}
		{72C49F9B-9CDC-4BC4-B4BA-8C5C9FD391A8} = {C35E798C-EF20-44EF-A04F-CE11D75F8C64}
		{932D249E-F5E5-447A-BDDF-5C3FAA399C63} = {C35E798C-EF20-44EF-A04F-CE11D75F8C64}
		{E589D7AF-0D93-4BA5-912A-B225D6AFFC98} = {C35E798C-EF20-44EF-A04F-CE11D75F8C64}
		{D564266E-63C9-486B-A542-BE6D36745A4E} = {1A8B74FB-1D9D-4576-8F3D-EB9237E1EF71}
	EndGlobalSection
	GlobalSection(ExtensibilityGlobals) = postSolution
		SolutionGuid = {6CF91BDC-D3B7-42BD-8A1B-173FA78CA681}
	EndGlobalSection
EndGlobal
